
Microsoft Visual Studio Solution File, Format Version 12.00
# Visual Studio 15
VisualStudioVersion = 15.0.28307.1340
MinimumVisualStudioVersion = 10.0.40219.1
Project("{FAE04EC0-301F-11D3-BF4B-00C04F79EFBC}") = "cDatos", "cDatos\cDatos.csproj", "{7AE8B27B-C8E8-4989-B091-CCE707851FB4}"
EndProject
Project("{FAE04EC0-301F-11D3-BF4B-00C04F79EFBC}") = "cNegocio", "cNegocio\cNegocio.csproj", "{913713DA-18F3-449F-9BD4-D45150CDBCAE}"
EndProject
Project("{E24C65DC-7377-472B-9ABA-BC803B73C61A}") = "cPresentacion", "cPresentacion\", "{535FD037-ABF7-456F-9C98-B9FCA70EC543}"
	ProjectSection(WebsiteProperties) = preProject
		TargetFrameworkMoniker = ".NETFramework,Version%3Dv4.5.2"
		ProjectReferences = "{913713da-18f3-449f-9bd4-d45150cdbcae}|cNegocio.dll;{7ae8b27b-c8e8-4989-b091-cce707851fb4}|cDatos.dll;"
		Debug.AspNetCompiler.VirtualPath = "/localhost_54961"
		Debug.AspNetCompiler.PhysicalPath = "cPresentacion\"
		Debug.AspNetCompiler.TargetPath = "PrecompiledWeb\localhost_54961\"
		Debug.AspNetCompiler.Updateable = "true"
		Debug.AspNetCompiler.ForceOverwrite = "true"
		Debug.AspNetCompiler.FixedNames = "false"
		Debug.AspNetCompiler.Debug = "True"
		Release.AspNetCompiler.VirtualPath = "/localhost_54961"
		Release.AspNetCompiler.PhysicalPath = "cPresentacion\"
		Release.AspNetCompiler.TargetPath = "PrecompiledWeb\localhost_54961\"
		Release.AspNetCompiler.Updateable = "true"
		Release.AspNetCompiler.ForceOverwrite = "true"
		Release.AspNetCompiler.FixedNames = "false"
		Release.AspNetCompiler.Debug = "False"
		VWDPort = "54961"
		SlnRelativePath = "cPresentacion\"
		DefaultWebSiteLanguage = "Visual C#"
	EndProjectSection
EndProject
Global
	GlobalSection(SolutionConfigurationPlatforms) = preSolution
		Debug|Any CPU = Debug|Any CPU
		Release|Any CPU = Release|Any CPU
	EndGlobalSection
	GlobalSection(ProjectConfigurationPlatforms) = postSolution
		{7AE8B27B-C8E8-4989-B091-CCE707851FB4}.Debug|Any CPU.ActiveCfg = Debug|Any CPU
		{7AE8B27B-C8E8-4989-B091-CCE707851FB4}.Debug|Any CPU.Build.0 = Debug|Any CPU
		{7AE8B27B-C8E8-4989-B091-CCE707851FB4}.Release|Any CPU.ActiveCfg = Release|Any CPU
		{7AE8B27B-C8E8-4989-B091-CCE707851FB4}.Release|Any CPU.Build.0 = Release|Any CPU
		{913713DA-18F3-449F-9BD4-D45150CDBCAE}.Debug|Any CPU.ActiveCfg = Debug|Any CPU
		{913713DA-18F3-449F-9BD4-D45150CDBCAE}.Debug|Any CPU.Build.0 = Debug|Any CPU
		{913713DA-18F3-449F-9BD4-D45150CDBCAE}.Release|Any CPU.ActiveCfg = Release|Any CPU
		{913713DA-18F3-449F-9BD4-D45150CDBCAE}.Release|Any CPU.Build.0 = Release|Any CPU
		{535FD037-ABF7-456F-9C98-B9FCA70EC543}.Debug|Any CPU.ActiveCfg = Debug|Any CPU
		{535FD037-ABF7-456F-9C98-B9FCA70EC543}.Debug|Any CPU.Build.0 = Debug|Any CPU
		{535FD037-ABF7-456F-9C98-B9FCA70EC543}.Release|Any CPU.ActiveCfg = Debug|Any CPU
		{535FD037-ABF7-456F-9C98-B9FCA70EC543}.Release|Any CPU.Build.0 = Debug|Any CPU
	EndGlobalSection
	GlobalSection(SolutionProperties) = preSolution
		HideSolutionNode = FALSE
	EndGlobalSection
	GlobalSection(ExtensibilityGlobals) = postSolution
		SolutionGuid = {40BDB46A-644F-4363-9638-D736C8E98894}
	EndGlobalSection
EndGlobal
